
Microsoft Visual Studio Solution File, Format Version 12.00
# Visual Studio 14
VisualStudioVersion = 14.0.25420.1
MinimumVisualStudioVersion = 10.0.40219.1
Project("{FAE04EC0-301F-11D3-BF4B-00C04F79EFBC}") = "Hero_of_Novac", "Hero of Novac\Hero_of_Novac\Hero_of_Novac.csproj", "{7B53C9F2-9D12-4F69-82E6-9DEB0F661DD4}"
EndProject
Project("{96E2B04D-8817-42C6-938A-82C39BA4D311}") = "Hero_of_NovacContent", "Hero of Novac\Hero_of_NovacContent\Hero_of_NovacContent.contentproj", "{CE503991-91B1-426B-81A6-867D4A40C2D7}"
EndProject
Global
	GlobalSection(SolutionConfigurationPlatforms) = preSolution
		Debug|x86 = Debug|x86
		Release|x86 = Release|x86
	EndGlobalSection
	GlobalSection(ProjectConfigurationPlatforms) = postSolution
		{7B53C9F2-9D12-4F69-82E6-9DEB0F661DD4}.Debug|x86.ActiveCfg = Debug|x86
		{7B53C9F2-9D12-4F69-82E6-9DEB0F661DD4}.Debug|x86.Build.0 = Debug|x86
		{7B53C9F2-9D12-4F69-82E6-9DEB0F661DD4}.Release|x86.ActiveCfg = Release|x86
		{7B53C9F2-9D12-4F69-82E6-9DEB0F661DD4}.Release|x86.Build.0 = Release|x86
		{CE503991-91B1-426B-81A6-867D4A40C2D7}.Debug|x86.ActiveCfg = Debug|x86
		{CE503991-91B1-426B-81A6-867D4A40C2D7}.Release|x86.ActiveCfg = Release|x86
	EndGlobalSection
	GlobalSection(SolutionProperties) = preSolution
		HideSolutionNode = FALSE
	EndGlobalSection
EndGlobal
